// !$*UTF8*$!
{
	archiveVersion = 1;
	classes = {
	};
	objectVersion = 46;
	objects = {

/* Begin PBXBuildFile section */
		0D7D281F1C9F9FEA003AC81A /* AppDelegate.swift in Sources */ = {isa = PBXBuildFile; fileRef = 0D7D281E1C9F9FEA003AC81A /* AppDelegate.swift */; };
		0D7D28241C9F9FEA003AC81A /* Main.storyboard in Resources */ = {isa = PBXBuildFile; fileRef = 0D7D28221C9F9FEA003AC81A /* Main.storyboard */; };
		0D7D28261C9F9FEA003AC81A /* Assets.xcassets in Resources */ = {isa = PBXBuildFile; fileRef = 0D7D28251C9F9FEA003AC81A /* Assets.xcassets */; };
		0D7D28291C9F9FEA003AC81A /* LaunchScreen.storyboard in Resources */ = {isa = PBXBuildFile; fileRef = 0D7D28271C9F9FEA003AC81A /* LaunchScreen.storyboard */; };
		0D7D28341C9F9FEA003AC81A /* RXProgressHUDUITests.swift in Sources */ = {isa = PBXBuildFile; fileRef = 0D7D28331C9F9FEA003AC81A /* RXProgressHUDUITests.swift */; };
		0D7D28401C9FA003003AC81A /* RXHUD.swift in Sources */ = {isa = PBXBuildFile; fileRef = 0D7D283E1C9FA003003AC81A /* RXHUD.swift */; };
		0D7D28411C9FA003003AC81A /* RXProgressHUD.swift in Sources */ = {isa = PBXBuildFile; fileRef = 0D7D283F1C9FA003003AC81A /* RXProgressHUD.swift */; };
		0D7D28431C9FA0A9003AC81A /* HudTableController.swift in Sources */ = {isa = PBXBuildFile; fileRef = 0D7D28421C9FA0A9003AC81A /* HudTableController.swift */; };
		0D7D28481C9FBD47003AC81A /* 2016-03-21 13_14_28.gif in Resources */ = {isa = PBXBuildFile; fileRef = 0D7D28461C9FBD47003AC81A /* 2016-03-21 13_14_28.gif */; };
		0D7D28491C9FBD47003AC81A /* 2016-03-21 13_09_16.gif in Resources */ = {isa = PBXBuildFile; fileRef = 0D7D28471C9FBD47003AC81A /* 2016-03-21 13_09_16.gif */; };
/* End PBXBuildFile section */

/* Begin PBXContainerItemProxy section */
		0D7D28301C9F9FEA003AC81A /* PBXContainerItemProxy */ = {
			isa = PBXContainerItemProxy;
			containerPortal = 0D7D28131C9F9FEA003AC81A /* Project object */;
			proxyType = 1;
			remoteGlobalIDString = 0D7D281A1C9F9FEA003AC81A;
			remoteInfo = RXProgressHUD;
		};
/* End PBXContainerItemProxy section */

/* Begin PBXFileReference section */
		0D7D281B1C9F9FEA003AC81A /* RXProgressHUD.app */ = {isa = PBXFileReference; explicitFileType = wrapper.application; includeInIndex = 0; path = RXProgressHUD.app; sourceTree = BUILT_PRODUCTS_DIR; };
		0D7D281E1C9F9FEA003AC81A /* AppDelegate.swift */ = {isa = PBXFileReference; lastKnownFileType = sourcecode.swift; path = AppDelegate.swift; sourceTree = "<group>"; };
		0D7D28231C9F9FEA003AC81A /* Base */ = {isa = PBXFileReference; lastKnownFileType = file.storyboard; name = Base; path = Base.lproj/Main.storyboard; sourceTree = "<group>"; };
		0D7D28251C9F9FEA003AC81A /* Assets.xcassets */ = {isa = PBXFileReference; lastKnownFileType = folder.assetcatalog; path = Assets.xcassets; sourceTree = "<group>"; };
		0D7D28281C9F9FEA003AC81A /* Base */ = {isa = PBXFileReference; lastKnownFileType = file.storyboard; name = Base; path = Base.lproj/LaunchScreen.storyboard; sourceTree = "<group>"; };
		0D7D282A1C9F9FEA003AC81A /* Info.plist */ = {isa = PBXFileReference; lastKnownFileType = text.plist.xml; path = Info.plist; sourceTree = "<group>"; };
		0D7D282F1C9F9FEA003AC81A /* RXProgressHUDUITests.xctest */ = {isa = PBXFileReference; explicitFileType = wrapper.cfbundle; includeInIndex = 0; path = RXProgressHUDUITests.xctest; sourceTree = BUILT_PRODUCTS_DIR; };
		0D7D28331C9F9FEA003AC81A /* RXProgressHUDUITests.swift */ = {isa = PBXFileReference; lastKnownFileType = sourcecode.swift; path = RXProgressHUDUITests.swift; sourceTree = "<group>"; };
		0D7D28351C9F9FEA003AC81A /* Info.plist */ = {isa = PBXFileReference; lastKnownFileType = text.plist.xml; path = Info.plist; sourceTree = "<group>"; };
		0D7D283E1C9FA003003AC81A /* RXHUD.swift */ = {isa = PBXFileReference; fileEncoding = 4; lastKnownFileType = sourcecode.swift; path = RXHUD.swift; sourceTree = "<group>"; };
		0D7D283F1C9FA003003AC81A /* RXProgressHUD.swift */ = {isa = PBXFileReference; fileEncoding = 4; lastKnownFileType = sourcecode.swift; path = RXProgressHUD.swift; sourceTree = "<group>"; };
		0D7D28421C9FA0A9003AC81A /* HudTableController.swift */ = {isa = PBXFileReference; fileEncoding = 4; lastKnownFileType = sourcecode.swift; path = HudTableController.swift; sourceTree = "<group>"; };
		0D7D28461C9FBD47003AC81A /* 2016-03-21 13_14_28.gif */ = {isa = PBXFileReference; lastKnownFileType = image.gif; path = "2016-03-21 13_14_28.gif"; sourceTree = "<group>"; };
		0D7D28471C9FBD47003AC81A /* 2016-03-21 13_09_16.gif */ = {isa = PBXFileReference; lastKnownFileType = image.gif; path = "2016-03-21 13_09_16.gif"; sourceTree = "<group>"; };
/* End PBXFileReference section */

/* Begin PBXFrameworksBuildPhase section */
		0D7D28181C9F9FEA003AC81A /* Frameworks */ = {
			isa = PBXFrameworksBuildPhase;
			buildActionMask = 2147483647;
			files = (
			);
			runOnlyForDeploymentPostprocessing = 0;
		};
		0D7D282C1C9F9FEA003AC81A /* Frameworks */ = {
			isa = PBXFrameworksBuildPhase;
			buildActionMask = 2147483647;
			files = (
			);
			runOnlyForDeploymentPostprocessing = 0;
		};
/* End PBXFrameworksBuildPhase section */

/* Begin PBXGroup section */
		0D7D28121C9F9FEA003AC81A = {
			isa = PBXGroup;
			children = (
				0D7D281D1C9F9FEA003AC81A /* RXProgressHUD */,
				0D7D28321C9F9FEA003AC81A /* RXProgressHUDUITests */,
				0D7D281C1C9F9FEA003AC81A /* Products */,
			);
			sourceTree = "<group>";
		};
		0D7D281C1C9F9FEA003AC81A /* Products */ = {
			isa = PBXGroup;
			children = (
				0D7D281B1C9F9FEA003AC81A /* RXProgressHUD.app */,
				0D7D282F1C9F9FEA003AC81A /* RXProgressHUDUITests.xctest */,
			);
			name = Products;
			sourceTree = "<group>";
		};
		0D7D281D1C9F9FEA003AC81A /* RXProgressHUD */ = {
			isa = PBXGroup;
			children = (
				0D7D281E1C9F9FEA003AC81A /* AppDelegate.swift */,
				0D7D283E1C9FA003003AC81A /* RXHUD.swift */,
				0D7D283F1C9FA003003AC81A /* RXProgressHUD.swift */,
				0D7D28421C9FA0A9003AC81A /* HudTableController.swift */,
				0D7D28461C9FBD47003AC81A /* 2016-03-21 13_14_28.gif */,
				0D7D28471C9FBD47003AC81A /* 2016-03-21 13_09_16.gif */,
				0D7D28221C9F9FEA003AC81A /* Main.storyboard */,
				0D7D28251C9F9FEA003AC81A /* Assets.xcassets */,
				0D7D28271C9F9FEA003AC81A /* LaunchScreen.storyboard */,
				0D7D282A1C9F9FEA003AC81A /* Info.plist */,
			);
			path = RXProgressHUD;
			sourceTree = "<group>";
		};
		0D7D28321C9F9FEA003AC81A /* RXProgressHUDUITests */ = {
			isa = PBXGroup;
			children = (
				0D7D28331C9F9FEA003AC81A /* RXProgressHUDUITests.swift */,
				0D7D28351C9F9FEA003AC81A /* Info.plist */,
			);
			path = RXProgressHUDUITests;
			sourceTree = "<group>";
		};
/* End PBXGroup section */

/* Begin PBXNativeTarget section */
		0D7D281A1C9F9FEA003AC81A /* RXProgressHUD */ = {
			isa = PBXNativeTarget;
			buildConfigurationList = 0D7D28381C9F9FEA003AC81A /* Build configuration list for PBXNativeTarget "RXProgressHUD" */;
			buildPhases = (
				0D7D28171C9F9FEA003AC81A /* Sources */,
				0D7D28181C9F9FEA003AC81A /* Frameworks */,
				0D7D28191C9F9FEA003AC81A /* Resources */,
			);
			buildRules = (
			);
			dependencies = (
			);
			name = RXProgressHUD;
			productName = RXProgressHUD;
			productReference = 0D7D281B1C9F9FEA003AC81A /* RXProgressHUD.app */;
			productType = "com.apple.product-type.application";
		};
		0D7D282E1C9F9FEA003AC81A /* RXProgressHUDUITests */ = {
			isa = PBXNativeTarget;
			buildConfigurationList = 0D7D283B1C9F9FEA003AC81A /* Build configuration list for PBXNativeTarget "RXProgressHUDUITests" */;
			buildPhases = (
				0D7D282B1C9F9FEA003AC81A /* Sources */,
				0D7D282C1C9F9FEA003AC81A /* Frameworks */,
				0D7D282D1C9F9FEA003AC81A /* Resources */,
			);
			buildRules = (
			);
			dependencies = (
				0D7D28311C9F9FEA003AC81A /* PBXTargetDependency */,
			);
			name = RXProgressHUDUITests;
			productName = RXProgressHUDUITests;
			productReference = 0D7D282F1C9F9FEA003AC81A /* RXProgressHUDUITests.xctest */;
			productType = "com.apple.product-type.bundle.ui-testing";
		};
/* End PBXNativeTarget section */

/* Begin PBXProject section */
		0D7D28131C9F9FEA003AC81A /* Project object */ = {
			isa = PBXProject;
			attributes = {
				LastSwiftUpdateCheck = 0720;
				LastUpgradeCheck = 0720;
				ORGANIZATIONNAME = ZP;
				TargetAttributes = {
					0D7D281A1C9F9FEA003AC81A = {
						CreatedOnToolsVersion = 7.2.1;
					};
					0D7D282E1C9F9FEA003AC81A = {
						CreatedOnToolsVersion = 7.2.1;
						TestTargetID = 0D7D281A1C9F9FEA003AC81A;
					};
				};
			};
			buildConfigurationList = 0D7D28161C9F9FEA003AC81A /* Build configuration list for PBXProject "RXProgressHUD" */;
			compatibilityVersion = "Xcode 3.2";
			developmentRegion = English;
			hasScannedForEncodings = 0;
			knownRegions = (
				en,
				Base,
			);
			mainGroup = 0D7D28121C9F9FEA003AC81A;
			productRefGroup = 0D7D281C1C9F9FEA003AC81A /* Products */;
			projectDirPath = "";
			projectRoot = "";
			targets = (
				0D7D281A1C9F9FEA003AC81A /* RXProgressHUD */,
				0D7D282E1C9F9FEA003AC81A /* RXProgressHUDUITests */,
			);
		};
/* End PBXProject section */

/* Begin PBXResourcesBuildPhase section */
		0D7D28191C9F9FEA003AC81A /* Resources */ = {
			isa = PBXResourcesBuildPhase;
			buildActionMask = 2147483647;
			files = (
				0D7D28291C9F9FEA003AC81A /* LaunchScreen.storyboard in Resources */,
				0D7D28481C9FBD47003AC81A /* 2016-03-21 13_14_28.gif in Resources */,
				0D7D28491C9FBD47003AC81A /* 2016-03-21 13_09_16.gif in Resources */,
				0D7D28261C9F9FEA003AC81A /* Assets.xcassets in Resources */,
				0D7D28241C9F9FEA003AC81A /* Main.storyboard in Resources */,
			);
			runOnlyForDeploymentPostprocessing = 0;
		};
		0D7D282D1C9F9FEA003AC81A /* Resources */ = {
			isa = PBXResourcesBuildPhase;
			buildActionMask = 2147483647;
			files = (
			);
			runOnlyForDeploymentPostprocessing = 0;
		};
/* End PBXResourcesBuildPhase section */

/* Begin PBXSourcesBuildPhase section */
		0D7D28171C9F9FEA003AC81A /* Sources */ = {
			isa = PBXSourcesBuildPhase;
			buildActionMask = 2147483647;
			files = (
				0D7D28431C9FA0A9003AC81A /* HudTableController.swift in Sources */,
				0D7D281F1C9F9FEA003AC81A /* AppDelegate.swift in Sources */,
				0D7D28411C9FA003003AC81A /* RXProgressHUD.swift in Sources */,
				0D7D28401C9FA003003AC81A /* RXHUD.swift in Sources */,
			);
			runOnlyForDeploymentPostprocessing = 0;
		};
		0D7D282B1C9F9FEA003AC81A /* Sources */ = {
			isa = PBXSourcesBuildPhase;
			buildActionMask = 2147483647;
			files = (
				0D7D28341C9F9FEA003AC81A /* RXProgressHUDUITests.swift in Sources */,
			);
			runOnlyForDeploymentPostprocessing = 0;
		};
/* End PBXSourcesBuildPhase section */

/* Begin PBXTargetDependency section */
		0D7D28311C9F9FEA003AC81A /* PBXTargetDependency */ = {
			isa = PBXTargetDependency;
			target = 0D7D281A1C9F9FEA003AC81A /* RXProgressHUD */;
			targetProxy = 0D7D28301C9F9FEA003AC81A /* PBXContainerItemProxy */;
		};
/* End PBXTargetDependency section */

/* Begin PBXVariantGroup section */
		0D7D28221C9F9FEA003AC81A /* Main.storyboard */ = {
			isa = PBXVariantGroup;
			children = (
				0D7D28231C9F9FEA003AC81A /* Base */,
			);
			name = Main.storyboard;
			sourceTree = "<group>";
		};
		0D7D28271C9F9FEA003AC81A /* LaunchScreen.storyboard */ = {
			isa = PBXVariantGroup;
			children = (
				0D7D28281C9F9FEA003AC81A /* Base */,
			);
			name = LaunchScreen.storyboard;
			sourceTree = "<group>";
		};
/* End PBXVariantGroup section */

/* Begin XCBuildConfiguration section */
		0D7D28361C9F9FEA003AC81A /* Debug */ = {
			isa = XCBuildConfiguration;
			buildSettings = {
				ALWAYS_SEARCH_USER_PATHS = NO;
				CLANG_CXX_LANGUAGE_STANDARD = "gnu++0x";
				CLANG_CXX_LIBRARY = "libc++";
				CLANG_ENABLE_MODULES = YES;
				CLANG_ENABLE_OBJC_ARC = YES;
				CLANG_WARN_BOOL_CONVERSION = YES;
				CLANG_WARN_CONSTANT_CONVERSION = YES;
				CLANG_WARN_DIRECT_OBJC_ISA_USAGE = YES_ERROR;
				CLANG_WARN_EMPTY_BODY = YES;
				CLANG_WARN_ENUM_CONVERSION = YES;
				CLANG_WARN_INT_CONVERSION = YES;
				CLANG_WARN_OBJC_ROOT_CLASS = YES_ERROR;
				CLANG_WARN_UNREACHABLE_CODE = YES;
				CLANG_WARN__DUPLICATE_METHOD_MATCH = YES;
				"CODE_SIGN_IDENTITY[sdk=iphoneos*]" = "iPhone Developer";
				COPY_PHASE_STRIP = NO;
				DEBUG_INFORMATION_FORMAT = dwarf;
				ENABLE_STRICT_OBJC_MSGSEND = YES;
				ENABLE_TESTABILITY = YES;
				GCC_C_LANGUAGE_STANDARD = gnu99;
				GCC_DYNAMIC_NO_PIC = NO;
				GCC_NO_COMMON_BLOCKS = YES;
				GCC_OPTIMIZATION_LEVEL = 0;
				GCC_PREPROCESSOR_DEFINITIONS = (
					"DEBUG=1",
					"$(inherited)",
				);
				GCC_WARN_64_TO_32_BIT_CONVERSION = YES;
				GCC_WARN_ABOUT_RETURN_TYPE = YES_ERROR;
				GCC_WARN_UNDECLARED_SELECTOR = YES;
				GCC_WARN_UNINITIALIZED_AUTOS = YES_AGGRESSIVE;
				GCC_WARN_UNUSED_FUNCTION = YES;
				GCC_WARN_UNUSED_VARIABLE = YES;
				IPHONEOS_DEPLOYMENT_TARGET = 9.2;
				MTL_ENABLE_DEBUG_INFO = YES;
				ONLY_ACTIVE_ARCH = YES;
				SDKROOT = iphoneos;
				SWIFT_OPTIMIZATION_LEVEL = "-Onone";
			};
			name = Debug;
		};
		0D7D28371C9F9FEA003AC81A /* Release */ = {
			isa = XCBuildConfiguration;
			buildSettings = {
				ALWAYS_SEARCH_USER_PATHS = NO;
				CLANG_CXX_LANGUAGE_STANDARD = "gnu++0x";
				CLANG_CXX_LIBRARY = "libc++";
				CLANG_ENABLE_MODULES = YES;
				CLANG_ENABLE_OBJC_ARC = YES;
				CLANG_WARN_BOOL_CONVERSION = YES;
				CLANG_WARN_CONSTANT_CONVERSION = YES;
				CLANG_WARN_DIRECT_OBJC_ISA_USAGE = YES_ERROR;
				CLANG_WARN_EMPTY_BODY = YES;
				CLANG_WARN_ENUM_CONVERSION = YES;
				CLANG_WARN_INT_CONVERSION = YES;
				CLANG_WARN_OBJC_ROOT_CLASS = YES_ERROR;
				CLANG_WARN_UNREACHABLE_CODE = YES;
				CLANG_WARN__DUPLICATE_METHOD_MATCH = YES;
				"CODE_SIGN_IDENTITY[sdk=iphoneos*]" = "iPhone Developer";
				COPY_PHASE_STRIP = NO;
				DEBUG_INFORMATION_FORMAT = "dwarf-with-dsym";
				ENABLE_NS_ASSERTIONS = NO;
				ENABLE_STRICT_OBJC_MSGSEND = YES;
				GCC_C_LANGUAGE_STANDARD = gnu99;
				GCC_NO_COMMON_BLOCKS = YES;
				GCC_WARN_64_TO_32_BIT_CONVERSION = YES;
				GCC_WARN_ABOUT_RETURN_TYPE = YES_ERROR;
				GCC_WARN_UNDECLARED_SELECTOR = YES;
				GCC_WARN_UNINITIALIZED_AUTOS = YES_AGGRESSIVE;
				GCC_WARN_UNUSED_FUNCTION = YES;
				GCC_WARN_UNUSED_VARIABLE = YES;
				IPHONEOS_DEPLOYMENT_TARGET = 9.2;
				MTL_ENABLE_DEBUG_INFO = NO;
				SDKROOT = iphoneos;
				VALIDATE_PRODUCT = YES;
			};
			name = Release;
		};
		0D7D28391C9F9FEA003AC81A /* Debug */ = {
			isa = XCBuildConfiguration;
			buildSettings = {
				ASSETCATALOG_COMPILER_APPICON_NAME = AppIcon;
				INFOPLIST_FILE = RXProgressHUD/Info.plist;
				LD_RUNPATH_SEARCH_PATHS = "$(inherited) @executable_path/Frameworks";
				PRODUCT_BUNDLE_IDENTIFIER = com.zp.RXProgressHUD;
				PRODUCT_NAME = "$(TARGET_NAME)";
			};
			name = Debug;
		};
		0D7D283A1C9F9FEA003AC81A /* Release */ = {
			isa = XCBuildConfiguration;
			buildSettings = {
				ASSETCATALOG_COMPILER_APPICON_NAME = AppIcon;
				INFOPLIST_FILE = RXProgressHUD/Info.plist;
				LD_RUNPATH_SEARCH_PATHS = "$(inherited) @executable_path/Frameworks";
				PRODUCT_BUNDLE_IDENTIFIER = com.zp.RXProgressHUD;
				PRODUCT_NAME = "$(TARGET_NAME)";
			};
			name = Release;
		};
		0D7D283C1C9F9FEA003AC81A /* Debug */ = {
			isa = XCBuildConfiguration;
			buildSettings = {
				INFOPLIST_FILE = RXProgressHUDUITests/Info.plist;
				LD_RUNPATH_SEARCH_PATHS = "$(inherited) @executable_path/Frameworks @loader_path/Frameworks";
				PRODUCT_BUNDLE_IDENTIFIER = com.zp.RXProgressHUDUITests;
				PRODUCT_NAME = "$(TARGET_NAME)";
				TEST_TARGET_NAME = RXProgressHUD;
				USES_XCTRUNNER = YES;
			};
			name = Debug;
		};
		0D7D283D1C9F9FEA003AC81A /* Release */ = {
			isa = XCBuildConfiguration;
			buildSettings = {
				INFOPLIST_FILE = RXProgressHUDUITests/Info.plist;
				LD_RUNPATH_SEARCH_PATHS = "$(inherited) @executable_path/Frameworks @loader_path/Frameworks";
				PRODUCT_BUNDLE_IDENTIFIER = com.zp.RXProgressHUDUITests;
				PRODUCT_NAME = "$(TARGET_NAME)";
				TEST_TARGET_NAME = RXProgressHUD;
				USES_XCTRUNNER = YES;
			};
			name = Release;
		};
/* End XCBuildConfiguration section */

/* Begin XCConfigurationList section */
		0D7D28161C9F9FEA003AC81A /* Build configuration list for PBXProject "RXProgressHUD" */ = {
			isa = XCConfigurationList;
			buildConfigurations = (
				0D7D28361C9F9FEA003AC81A /* Debug */,
				0D7D28371C9F9FEA003AC81A /* Release */,
			);
			defaultConfigurationIsVisible = 0;
			defaultConfigurationName = Release;
		};
		0D7D28381C9F9FEA003AC81A /* Build configuration list for PBXNativeTarget "RXProgressHUD" */ = {
			isa = XCConfigurationList;
			buildConfigurations = (
				0D7D28391C9F9FEA003AC81A /* Debug */,
				0D7D283A1C9F9FEA003AC81A /* Release */,
			);
			defaultConfigurationIsVisible = 0;
			defaultConfigurationName = Release;
		};
		0D7D283B1C9F9FEA003AC81A /* Build configuration list for PBXNativeTarget "RXProgressHUDUITests" */ = {
			isa = XCConfigurationList;
			buildConfigurations = (
				0D7D283C1C9F9FEA003AC81A /* Debug */,
				0D7D283D1C9F9FEA003AC81A /* Release */,
			);
			defaultConfigurationIsVisible = 0;
			defaultConfigurationName = Release;
		};
/* End XCConfigurationList section */
	};
	rootObject = 0D7D28131C9F9FEA003AC81A /* Project object */;
}
